
Microsoft Visual Studio Solution File, Format Version 12.00
# Visual Studio Version 17
VisualStudioVersion = 17.5.002.0
MinimumVisualStudioVersion = 10.0.40219.1
Project("{9A19103F-16F7-4668-BE54-9A1E7A4F7556}") = "NetworkingServer_Simon", "NetworkingServer_Simon.csproj", "{F36E7D4C-603D-449E-9EAB-CEA8A1DD434E}"
EndProject
Global
	GlobalSection(SolutionConfigurationPlatforms) = preSolution
		Debug|Any CPU = Debug|Any CPU
		Release|Any CPU = Release|Any CPU
	EndGlobalSection
	GlobalSection(ProjectConfigurationPlatforms) = postSolution
		{F36E7D4C-603D-449E-9EAB-CEA8A1DD434E}.Debug|Any CPU.ActiveCfg = Debug|Any CPU
		{F36E7D4C-603D-449E-9EAB-CEA8A1DD434E}.Debug|Any CPU.Build.0 = Debug|Any CPU
		{F36E7D4C-603D-449E-9EAB-CEA8A1DD434E}.Release|Any CPU.ActiveCfg = Release|Any CPU
		{F36E7D4C-603D-449E-9EAB-CEA8A1DD434E}.Release|Any CPU.Build.0 = Release|Any CPU
	EndGlobalSection
	GlobalSection(SolutionProperties) = preSolution
		HideSolutionNode = FALSE
	EndGlobalSection
	GlobalSection(ExtensibilityGlobals) = postSolution
		SolutionGuid = {61C1F6D2-2746-4836-BE21-3261B59D09AE}
	EndGlobalSection
EndGlobal
